<?xml version="1.0" encoding="utf-8"?>
<Project ToolsVersion="15.0" xmlns="http://schemas.microsoft.com/developer/msbuild/2003">
  <ItemGroup>
    <ClCompile Include="..\..\qcommon\cm_load.c">
      <Filter>Source Files</Filter>
    </ClCompile>
    <ClCompile Include="..\..\qcommon\cm_patch.c">
      <Filter>Source Files</Filter>
    </ClCompile>
    <ClCompile Include="..\..\qcommon\cm_polylib.c">
      <Filter>Source Files</Filter>
    </ClCompile>
    <ClCompile Include="..\..\qcommon\cm_test.c">
      <Filter>Source Files</Filter>
    </ClCompile>
    <ClCompile Include="..\..\qcommon\cm_trace.c">
      <Filter>Source Files</Filter>
    </ClCompile>
    <ClCompile Include="..\..\qcommon\cmd.c">
      <Filter>Source Files</Filter>
    </ClCompile>
    <ClCompile Include="..\..\qcommon\common.c">
      <Filter>Source Files</Filter>
    </ClCompile>
    <ClCompile Include="..\..\qcommon\cvar.c">
      <Filter>Source Files</Filter>
    </ClCompile>
    <ClCompile Include="..\..\qcommon\files.c">
      <Filter>Source Files</Filter>
    </ClCompile>
    <ClCompile Include="..\..\qcommon\history.c">
      <Filter>Source Files</Filter>
    </ClCompile>
    <ClCompile Include="..\..\qcommon\huffman.c">
      <Filter>Source Files</Filter>
    </ClCompile>
    <ClCompile Include="..\..\qcommon\huffman_static.c">
      <Filter>Source Files</Filter>
    </ClCompile>
    <ClCompile Include="..\..\qcommon\keys.c">
      <Filter>Source Files</Filter>
    </ClCompile>
    <ClCompile Include="..\..\qcommon\md4.c">
      <Filter>Source Files</Filter>
    </ClCompile>
    <ClCompile Include="..\..\qcommon\md5.c">
      <Filter>Source Files</Filter>
    </ClCompile>
    <ClCompile Include="..\..\qcommon\msg.c">
      <Filter>Source Files</Filter>
    </ClCompile>
    <ClCompile Include="..\..\qcommon\net_chan.c">
      <Filter>Source Files</Filter>
    </ClCompile>
    <ClCompile Include="..\..\qcommon\net_ip.c">
      <Filter>Source Files</Filter>
    </ClCompile>
    <ClCompile Include="..\..\qcommon\q_math.c">
      <Filter>Source Files</Filter>
    </ClCompile>
    <ClCompile Include="..\..\qcommon\q_shared.c">
      <Filter>Source Files</Filter>
    </ClCompile>
    <ClCompile Include="..\..\server\sv_bot.c">
      <Filter>Source Files</Filter>
    </ClCompile>
    <ClCompile Include="..\..\server\sv_ccmds.c">
      <Filter>Source Files</Filter>
    </ClCompile>
    <ClCompile Include="..\..\server\sv_client.c">
      <Filter>Source Files</Filter>
    </ClCompile>
    <ClCompile Include="..\..\server\sv_filter.c">
      <Filter>Source Files</Filter>
    </ClCompile>
    <ClCompile Include="..\..\server\sv_game.c">
      <Filter>Source Files</Filter>
    </ClCompile>
    <ClCompile Include="..\..\server\sv_init.c">
      <Filter>Source Files</Filter>
    </ClCompile>
    <ClCompile Include="..\..\server\sv_main.c">
      <Filter>Source Files</Filter>
    </ClCompile>
    <ClCompile Include="..\..\server\sv_net_chan.c">
      <Filter>Source Files</Filter>
    </ClCompile>
    <ClCompile Include="..\..\server\sv_snapshot.c">
      <Filter>Source Files</Filter>
    </ClCompile>
    <ClCompile Include="..\..\server\sv_world.c">
      <Filter>Source Files</Filter>
    </ClCompile>
    <ClCompile Include="..\..\qcommon\unzip.c">
      <Filter>Source Files</Filter>
    </ClCompile>
    <ClCompile Include="..\..\qcommon\vm.c">
      <Filter>Source Files</Filter>
    </ClCompile>
    <ClCompile Include="..\..\qcommon\vm_aarch64.c">
      <Filter>Source Files</Filter>
    </ClCompile>
    <ClCompile Include="..\..\qcommon\vm_interpreted.c">
      <Filter>Source Files</Filter>
    </ClCompile>
    <ClCompile Include="..\..\qcommon\vm_x86.c">
      <Filter>Source Files</Filter>
    </ClCompile>
    <ClCompile Include="..\win_main.c">
      <Filter>Source Files</Filter>
    </ClCompile>
    <ClCompile Include="..\win_shared.c">
      <Filter>Source Files</Filter>
    </ClCompile>
    <ClCompile Include="..\win_syscon.c">
      <Filter>Source Files</Filter>
    </ClCompile>
  </ItemGroup>
  <ItemGroup>
    <ClInclude Include="..\..\game\bg_public.h">
      <Filter>Header Files</Filter>
    </ClInclude>
    <ClInclude Include="..\..\cgame\cg_public.h">
      <Filter>Header Files</Filter>
    </ClInclude>
    <ClInclude Include="..\..\client\client.h">
      <Filter>Header Files</Filter>
    </ClInclude>
    <ClInclude Include="..\..\qcommon\cm_local.h">
      <Filter>Header Files</Filter>
    </ClInclude>
    <ClInclude Include="..\..\qcommon\cm_patch.h">
      <Filter>Header Files</Filter>
    </ClInclude>
    <ClInclude Include="..\..\qcommon\cm_polylib.h">
      <Filter>Header Files</Filter>
    </ClInclude>
    <ClInclude Include="..\..\qcommon\cm_public.h">
      <Filter>Header Files</Filter>
    </ClInclude>
    <ClInclude Include="..\..\game\g_public.h">
      <Filter>Header Files</Filter>
    </ClInclude>
    <ClInclude Include="..\..\client\keycodes.h">
      <Filter>Header Files</Filter>
    </ClInclude>
    <ClInclude Include="..\..\client\keys.h">
      <Filter>Header Files</Filter>
    </ClInclude>
    <ClInclude Include="..\..\qcommon\q_platform.h">
      <Filter>Header Files</Filter>
    </ClInclude>
    <ClInclude Include="..\..\qcommon\q_shared.h">
      <Filter>Header Files</Filter>
    </ClInclude>
    <ClInclude Include="..\..\qcommon\qcommon.h">
      <Filter>Header Files</Filter>
    </ClInclude>
    <ClInclude Include="..\..\qcommon\qfiles.h">
      <Filter>Header Files</Filter>
    </ClInclude>
    <ClInclude Include="..\resource.h">
      <Filter>Header Files</Filter>
    </ClInclude>
    <ClInclude Include="..\..\server\server.h">
      <Filter>Header Files</Filter>
    </ClInclude>
    <ClInclude Include="..\..\qcommon\surfaceflags.h">
      <Filter>Header Files</Filter>
    </ClInclude>
    <ClInclude Include="..\..\ui\ui_public.h">
      <Filter>Header Files</Filter>
    </ClInclude>
    <ClInclude Include="..\..\qcommon\unzip.h">
      <Filter>Header Files</Filter>
    </ClInclude>
    <ClInclude Include="..\..\qcommon\vm_local.h">
      <Filter>Header Files</Filter>
    </ClInclude>
    <ClInclude Include="..\win_local.h">
      <Filter>Header Files</Filter>
    </ClInclude>
  </ItemGroup>
  <ItemGroup>
    <Filter Include="Header Files">
      <UniqueIdentifier>{c461f4e6-671d-4a7b-af33-10c266a5c657}</UniqueIdentifier>
    </Filter>
    <Filter Include="Resource Files">
      <UniqueIdentifier>{274bfc42-6c07-400f-b481-8f11124955b4}</UniqueIdentifier>
    </Filter>
    <Filter Include="Source Files">
      <UniqueIdentifier>{eb4da30c-1ee1-4bb5-8907-f4e6b395b2f8}</UniqueIdentifier>
    </Filter>
  </ItemGroup>
  <ItemGroup>
    <Image Include="..\qe3.ico">
      <Filter>Resource Files</Filter>
    </Image>
  </ItemGroup>
  <ItemGroup>
    <ResourceCompile Include="..\win_resource.rc">
      <Filter>Resource Files</Filter>
    </ResourceCompile>
  </ItemGroup>
  <ItemGroup>
    <None Include="..\..\asm\setjmp_x64.asm">
      <Filter>Source Files</Filter>
    </None>
  </ItemGroup>
</Project>