
Microsoft Visual Studio Solution File, Format Version 12.00
# Visual Studio Version 17
VisualStudioVersion = 17.5.33414.496
MinimumVisualStudioVersion = 10.0.40219.1
Project("{8BC9CEB8-8B4A-11D0-8D11-00A0C91BC942}") = "botlib", "botlib\botlib.vcxproj", "{F27BE4E7-AE28-40AD-B6DE-F205158CB9AD}"
EndProject
Project("{8BC9CEB8-8B4A-11D0-8D11-00A0C91BC942}") = "libjpeg", "libjpeg\libjpeg.vcxproj", "{8DA5B227-3C7F-4139-A1C8-7FB23EE5B288}"
EndProject
Project("{8BC9CEB8-8B4A-11D0-8D11-00A0C91BC942}") = "opengl", "opengl\opengl.vcxproj", "{62A3846D-01FA-465C-BC2A-481259DB9190}"
EndProject
Project("{8BC9CEB8-8B4A-11D0-8D11-00A0C91BC942}") = "vulkan", "vulkan\vulkan.vcxproj", "{87B0603B-E6B1-4599-A897-30226D0356B3}"
EndProject
Project("{8BC9CEB8-8B4A-11D0-8D11-00A0C91BC942}") = "q3xe", "q3xe\q3xe.vcxproj", "{54CAB64D-88BF-4D17-9FD9-E74E7BDB9E82}"
	ProjectSection(ProjectDependencies) = postProject
		{62A3846D-01FA-465C-BC2A-481259DB9190} = {62A3846D-01FA-465C-BC2A-481259DB9190}
		{87B0603B-E6B1-4599-A897-30226D0356B3} = {87B0603B-E6B1-4599-A897-30226D0356B3}
		{8DA5B227-3C7F-4139-A1C8-7FB23EE5B288} = {8DA5B227-3C7F-4139-A1C8-7FB23EE5B288}
		{F27BE4E7-AE28-40AD-B6DE-F205158CB9AD} = {F27BE4E7-AE28-40AD-B6DE-F205158CB9AD}
	EndProjectSection
EndProject
Global
	GlobalSection(SolutionConfigurationPlatforms) = preSolution
		Debug|x64 = Debug|x64
		Debug|x86 = Debug|x86
		Release|x64 = Release|x64
		Release|x86 = Release|x86
		ReleaseOpenGL|x64 = ReleaseOpenGL|x64
		ReleaseOpenGL|x86 = ReleaseOpenGL|x86
		ReleaseVulkan|x64 = ReleaseVulkan|x64
		ReleaseVulkan|x86 = ReleaseVulkan|x86
	EndGlobalSection
	GlobalSection(ProjectConfigurationPlatforms) = postSolution
		{F27BE4E7-AE28-40AD-B6DE-F205158CB9AD}.Debug|x64.ActiveCfg = Debug|x64
		{F27BE4E7-AE28-40AD-B6DE-F205158CB9AD}.Debug|x64.Build.0 = Debug|x64
		{F27BE4E7-AE28-40AD-B6DE-F205158CB9AD}.Debug|x86.ActiveCfg = Debug|Win32
		{F27BE4E7-AE28-40AD-B6DE-F205158CB9AD}.Debug|x86.Build.0 = Debug|Win32
		{F27BE4E7-AE28-40AD-B6DE-F205158CB9AD}.Release|x64.ActiveCfg = Release|x64
		{F27BE4E7-AE28-40AD-B6DE-F205158CB9AD}.Release|x64.Build.0 = Release|x64
		{F27BE4E7-AE28-40AD-B6DE-F205158CB9AD}.Release|x86.ActiveCfg = Release|Win32
		{F27BE4E7-AE28-40AD-B6DE-F205158CB9AD}.Release|x86.Build.0 = Release|Win32
		{F27BE4E7-AE28-40AD-B6DE-F205158CB9AD}.ReleaseOpenGL|x64.ActiveCfg = ReleaseOpenGL|x64
		{F27BE4E7-AE28-40AD-B6DE-F205158CB9AD}.ReleaseOpenGL|x64.Build.0 = ReleaseOpenGL|x64
		{F27BE4E7-AE28-40AD-B6DE-F205158CB9AD}.ReleaseOpenGL|x86.ActiveCfg = ReleaseOpenGL|Win32
		{F27BE4E7-AE28-40AD-B6DE-F205158CB9AD}.ReleaseOpenGL|x86.Build.0 = ReleaseOpenGL|Win32
		{F27BE4E7-AE28-40AD-B6DE-F205158CB9AD}.ReleaseVulkan|x64.ActiveCfg = ReleaseVulkan|x64
		{F27BE4E7-AE28-40AD-B6DE-F205158CB9AD}.ReleaseVulkan|x64.Build.0 = ReleaseVulkan|x64
		{F27BE4E7-AE28-40AD-B6DE-F205158CB9AD}.ReleaseVulkan|x86.ActiveCfg = ReleaseVulkan|Win32
		{F27BE4E7-AE28-40AD-B6DE-F205158CB9AD}.ReleaseVulkan|x86.Build.0 = ReleaseVulkan|Win32
		{8DA5B227-3C7F-4139-A1C8-7FB23EE5B288}.Debug|x64.ActiveCfg = Debug|x64
		{8DA5B227-3C7F-4139-A1C8-7FB23EE5B288}.Debug|x64.Build.0 = Debug|x64
		{8DA5B227-3C7F-4139-A1C8-7FB23EE5B288}.Debug|x86.ActiveCfg = Debug|Win32
		{8DA5B227-3C7F-4139-A1C8-7FB23EE5B288}.Debug|x86.Build.0 = Debug|Win32
		{8DA5B227-3C7F-4139-A1C8-7FB23EE5B288}.Release|x64.ActiveCfg = Release|x64
		{8DA5B227-3C7F-4139-A1C8-7FB23EE5B288}.Release|x64.Build.0 = Release|x64
		{8DA5B227-3C7F-4139-A1C8-7FB23EE5B288}.Release|x86.ActiveCfg = Release|Win32
		{8DA5B227-3C7F-4139-A1C8-7FB23EE5B288}.Release|x86.Build.0 = Release|Win32
		{8DA5B227-3C7F-4139-A1C8-7FB23EE5B288}.ReleaseOpenGL|x64.ActiveCfg = ReleaseOpenGL|x64
		{8DA5B227-3C7F-4139-A1C8-7FB23EE5B288}.ReleaseOpenGL|x64.Build.0 = ReleaseOpenGL|x64
		{8DA5B227-3C7F-4139-A1C8-7FB23EE5B288}.ReleaseOpenGL|x86.ActiveCfg = ReleaseOpenGL|Win32
		{8DA5B227-3C7F-4139-A1C8-7FB23EE5B288}.ReleaseOpenGL|x86.Build.0 = ReleaseOpenGL|Win32
		{8DA5B227-3C7F-4139-A1C8-7FB23EE5B288}.ReleaseVulkan|x64.ActiveCfg = ReleaseVulkan|x64
		{8DA5B227-3C7F-4139-A1C8-7FB23EE5B288}.ReleaseVulkan|x64.Build.0 = ReleaseVulkan|x64
		{8DA5B227-3C7F-4139-A1C8-7FB23EE5B288}.ReleaseVulkan|x86.ActiveCfg = ReleaseVulkan|Win32
		{8DA5B227-3C7F-4139-A1C8-7FB23EE5B288}.ReleaseVulkan|x86.Build.0 = ReleaseVulkan|Win32
		{62A3846D-01FA-465C-BC2A-481259DB9190}.Debug|x64.ActiveCfg = Debug|x64
		{62A3846D-01FA-465C-BC2A-481259DB9190}.Debug|x64.Build.0 = Debug|x64
		{62A3846D-01FA-465C-BC2A-481259DB9190}.Debug|x86.ActiveCfg = Debug|Win32
		{62A3846D-01FA-465C-BC2A-481259DB9190}.Debug|x86.Build.0 = Debug|Win32
		{62A3846D-01FA-465C-BC2A-481259DB9190}.Release|x64.ActiveCfg = Release|x64
		{62A3846D-01FA-465C-BC2A-481259DB9190}.Release|x64.Build.0 = Release|x64
		{62A3846D-01FA-465C-BC2A-481259DB9190}.Release|x86.ActiveCfg = Release|Win32
		{62A3846D-01FA-465C-BC2A-481259DB9190}.Release|x86.Build.0 = Release|Win32
		{62A3846D-01FA-465C-BC2A-481259DB9190}.ReleaseOpenGL|x64.ActiveCfg = ReleaseOpenGL|x64
		{62A3846D-01FA-465C-BC2A-481259DB9190}.ReleaseOpenGL|x64.Build.0 = ReleaseOpenGL|x64
		{62A3846D-01FA-465C-BC2A-481259DB9190}.ReleaseOpenGL|x86.ActiveCfg = ReleaseOpenGL|Win32
		{62A3846D-01FA-465C-BC2A-481259DB9190}.ReleaseOpenGL|x86.Build.0 = ReleaseOpenGL|Win32
		{62A3846D-01FA-465C-BC2A-481259DB9190}.ReleaseVulkan|x64.ActiveCfg = ReleaseVulkan|x64
		{62A3846D-01FA-465C-BC2A-481259DB9190}.ReleaseVulkan|x64.Build.0 = ReleaseVulkan|x64
		{62A3846D-01FA-465C-BC2A-481259DB9190}.ReleaseVulkan|x86.ActiveCfg = ReleaseVulkan|Win32
		{62A3846D-01FA-465C-BC2A-481259DB9190}.ReleaseVulkan|x86.Build.0 = ReleaseVulkan|Win32
		{87B0603B-E6B1-4599-A897-30226D0356B3}.Debug|x64.ActiveCfg = Debug|x64
		{87B0603B-E6B1-4599-A897-30226D0356B3}.Debug|x64.Build.0 = Debug|x64
		{87B0603B-E6B1-4599-A897-30226D0356B3}.Debug|x86.ActiveCfg = Debug|Win32
		{87B0603B-E6B1-4599-A897-30226D0356B3}.Debug|x86.Build.0 = Debug|Win32
		{87B0603B-E6B1-4599-A897-30226D0356B3}.Release|x64.ActiveCfg = Release|x64
		{87B0603B-E6B1-4599-A897-30226D0356B3}.Release|x64.Build.0 = Release|x64
		{87B0603B-E6B1-4599-A897-30226D0356B3}.Release|x86.ActiveCfg = Release|Win32
		{87B0603B-E6B1-4599-A897-30226D0356B3}.Release|x86.Build.0 = Release|Win32
		{87B0603B-E6B1-4599-A897-30226D0356B3}.ReleaseOpenGL|x64.ActiveCfg = ReleaseOpenGL|x64
		{87B0603B-E6B1-4599-A897-30226D0356B3}.ReleaseOpenGL|x64.Build.0 = ReleaseOpenGL|x64
		{87B0603B-E6B1-4599-A897-30226D0356B3}.ReleaseOpenGL|x86.ActiveCfg = ReleaseOpenGL|Win32
		{87B0603B-E6B1-4599-A897-30226D0356B3}.ReleaseOpenGL|x86.Build.0 = ReleaseOpenGL|Win32
		{87B0603B-E6B1-4599-A897-30226D0356B3}.ReleaseVulkan|x64.ActiveCfg = ReleaseVulkan|x64
		{87B0603B-E6B1-4599-A897-30226D0356B3}.ReleaseVulkan|x64.Build.0 = ReleaseVulkan|x64
		{87B0603B-E6B1-4599-A897-30226D0356B3}.ReleaseVulkan|x86.ActiveCfg = ReleaseVulkan|Win32
		{87B0603B-E6B1-4599-A897-30226D0356B3}.ReleaseVulkan|x86.Build.0 = ReleaseVulkan|Win32
		{54CAB64D-88BF-4D17-9FD9-E74E7BDB9E82}.Debug|x64.ActiveCfg = Debug|x64
		{54CAB64D-88BF-4D17-9FD9-E74E7BDB9E82}.Debug|x64.Build.0 = Debug|x64
		{54CAB64D-88BF-4D17-9FD9-E74E7BDB9E82}.Debug|x86.ActiveCfg = Debug|Win32
		{54CAB64D-88BF-4D17-9FD9-E74E7BDB9E82}.Debug|x86.Build.0 = Debug|Win32
		{54CAB64D-88BF-4D17-9FD9-E74E7BDB9E82}.Release|x64.ActiveCfg = Release|x64
		{54CAB64D-88BF-4D17-9FD9-E74E7BDB9E82}.Release|x64.Build.0 = Release|x64
		{54CAB64D-88BF-4D17-9FD9-E74E7BDB9E82}.Release|x86.ActiveCfg = Release|Win32
		{54CAB64D-88BF-4D17-9FD9-E74E7BDB9E82}.Release|x86.Build.0 = Release|Win32
		{54CAB64D-88BF-4D17-9FD9-E74E7BDB9E82}.ReleaseOpenGL|x64.ActiveCfg = ReleaseOpenGL|x64
		{54CAB64D-88BF-4D17-9FD9-E74E7BDB9E82}.ReleaseOpenGL|x64.Build.0 = ReleaseOpenGL|x64
		{54CAB64D-88BF-4D17-9FD9-E74E7BDB9E82}.ReleaseOpenGL|x86.ActiveCfg = ReleaseOpenGL|Win32
		{54CAB64D-88BF-4D17-9FD9-E74E7BDB9E82}.ReleaseOpenGL|x86.Build.0 = ReleaseOpenGL|Win32
		{54CAB64D-88BF-4D17-9FD9-E74E7BDB9E82}.ReleaseVulkan|x64.ActiveCfg = ReleaseVulkan|x64
		{54CAB64D-88BF-4D17-9FD9-E74E7BDB9E82}.ReleaseVulkan|x64.Build.0 = ReleaseVulkan|x64
		{54CAB64D-88BF-4D17-9FD9-E74E7BDB9E82}.ReleaseVulkan|x86.ActiveCfg = ReleaseVulkan|Win32
		{54CAB64D-88BF-4D17-9FD9-E74E7BDB9E82}.ReleaseVulkan|x86.Build.0 = ReleaseVulkan|Win32
	EndGlobalSection
	GlobalSection(SolutionProperties) = preSolution
		HideSolutionNode = FALSE
	EndGlobalSection
	GlobalSection(ExtensibilityGlobals) = postSolution
		SolutionGuid = {4B83BA70-E8B0-495A-B4D0-A8A2DC4143BD}
	EndGlobalSection
EndGlobal
